
Microsoft Visual Studio Solution File, Format Version 12.00
# Visual Studio 15
VisualStudioVersion = 15.0.28307.1000
MinimumVisualStudioVersion = 10.0.40219.1
Project("{FAE04EC0-301F-11D3-BF4B-00C04F79EFBC}") = "DBS CRUD Operation OOP Assignment", "DBS CRUD Operation OOP Assignment\DBS CRUD Operation OOP Assignment.csproj", "{791B2CA4-5B86-468C-823F-02EBBD4FC41B}"
EndProject
Global
	GlobalSection(SolutionConfigurationPlatforms) = preSolution
		Debug|Any CPU = Debug|Any CPU
		Release|Any CPU = Release|Any CPU
	EndGlobalSection
	GlobalSection(ProjectConfigurationPlatforms) = postSolution
		{791B2CA4-5B86-468C-823F-02EBBD4FC41B}.Debug|Any CPU.ActiveCfg = Debug|Any CPU
		{791B2CA4-5B86-468C-823F-02EBBD4FC41B}.Debug|Any CPU.Build.0 = Debug|Any CPU
		{791B2CA4-5B86-468C-823F-02EBBD4FC41B}.Release|Any CPU.ActiveCfg = Release|Any CPU
		{791B2CA4-5B86-468C-823F-02EBBD4FC41B}.Release|Any CPU.Build.0 = Release|Any CPU
	EndGlobalSection
	GlobalSection(SolutionProperties) = preSolution
		HideSolutionNode = FALSE
	EndGlobalSection
	GlobalSection(ExtensibilityGlobals) = postSolution
		SolutionGuid = {5C3A1FC1-1A55-4F17-BE5E-F2F4D31FA281}
	EndGlobalSection
EndGlobal
